// !$*UTF8*$!
{
	archiveVersion = 1;
	classes = {
	};
	objectVersion = 51;
	objects = {

/* Begin PBXBuildFile section */
		4E01361826FA1B710071F31D /* WelcomeViewModel.swift in Sources */ = {isa = PBXBuildFile; fileRef = 4E01361726FA1B710071F31D /* WelcomeViewModel.swift */; };
		4E01361A26FA24600071F31D /* MySettingViewModel.swift in Sources */ = {isa = PBXBuildFile; fileRef = 4E01361926FA24600071F31D /* MySettingViewModel.swift */; };
		4E01361C26FA25D50071F31D /* CompleteViewModel.swift in Sources */ = {isa = PBXBuildFile; fileRef = 4E01361B26FA25D50071F31D /* CompleteViewModel.swift */; };
		4E056DF126C25E5100FDF0F3 /* FindPasswordViewController.swift in Sources */ = {isa = PBXBuildFile; fileRef = 4E056DF026C25E5100FDF0F3 /* FindPasswordViewController.swift */; };
		4E056DF326C25EEB00FDF0F3 /* EditAccountViewController.swift in Sources */ = {isa = PBXBuildFile; fileRef = 4E056DF226C25EEB00FDF0F3 /* EditAccountViewController.swift */; };
		4E056DF826C3901E00FDF0F3 /* SignUp.storyboard in Resources */ = {isa = PBXBuildFile; fileRef = 4E056DF726C3901E00FDF0F3 /* SignUp.storyboard */; };
		4E056DFA26C392F500FDF0F3 /* Home.storyboard in Resources */ = {isa = PBXBuildFile; fileRef = 4E056DF926C392F500FDF0F3 /* Home.storyboard */; };
		4E056DFE26C39AB500FDF0F3 /* AcceptTermsViewController.swift in Sources */ = {isa = PBXBuildFile; fileRef = 4E056DFD26C39AB500FDF0F3 /* AcceptTermsViewController.swift */; };
		4E056E0026C39AD200FDF0F3 /* EditProfileViewController.swift in Sources */ = {isa = PBXBuildFile; fileRef = 4E056DFF26C39AD200FDF0F3 /* EditProfileViewController.swift */; };
		4E056E0226C3B50100FDF0F3 /* GlobalUIFunctions.swift in Sources */ = {isa = PBXBuildFile; fileRef = 4E056E0126C3B50100FDF0F3 /* GlobalUIFunctions.swift */; };
		4E0FAEAB26C0EE99003D80E3 /* AppDelegate.swift in Sources */ = {isa = PBXBuildFile; fileRef = 4E0FAEAA26C0EE99003D80E3 /* AppDelegate.swift */; };
		4E0FAEAD26C0EE99003D80E3 /* SceneDelegate.swift in Sources */ = {isa = PBXBuildFile; fileRef = 4E0FAEAC26C0EE99003D80E3 /* SceneDelegate.swift */; };
		4E0FAEAF26C0EE99003D80E3 /* WelcomeViewController.swift in Sources */ = {isa = PBXBuildFile; fileRef = 4E0FAEAE26C0EE99003D80E3 /* WelcomeViewController.swift */; };
		4E0FAEB226C0EE99003D80E3 /* Main.storyboard in Resources */ = {isa = PBXBuildFile; fileRef = 4E0FAEB026C0EE99003D80E3 /* Main.storyboard */; };
		4E0FAEB726C0EE9A003D80E3 /* LaunchScreen.storyboard in Resources */ = {isa = PBXBuildFile; fileRef = 4E0FAEB526C0EE9A003D80E3 /* LaunchScreen.storyboard */; };
		4E13D0362709A06700CAC6F4 /* LuggageCollectionViewCell.swift in Sources */ = {isa = PBXBuildFile; fileRef = 4E13D0352709A06700CAC6F4 /* LuggageCollectionViewCell.swift */; };
		4E13D038270AE0AA00CAC6F4 /* Splash.json in Resources */ = {isa = PBXBuildFile; fileRef = 4E13D037270AE0AA00CAC6F4 /* Splash.json */; };
		4E13D03A270AE15300CAC6F4 /* Login.json in Resources */ = {isa = PBXBuildFile; fileRef = 4E13D039270AE15200CAC6F4 /* Login.json */; };
		4E18A57526E66050001504A9 /* MySettingViewController.swift in Sources */ = {isa = PBXBuildFile; fileRef = 4E18A57426E66050001504A9 /* MySettingViewController.swift */; };
		4E1C2E4D2714025400B97EB0 /* Assets.xcassets in Resources */ = {isa = PBXBuildFile; fileRef = 4E1C2E4C2714025400B97EB0 /* Assets.xcassets */; };
		4E1C2E4F27154B3100B97EB0 /* SplashViewModel.swift in Sources */ = {isa = PBXBuildFile; fileRef = 4E1C2E4E27154B3100B97EB0 /* SplashViewModel.swift */; };
		4E1C2E512715EBB600B97EB0 /* ArticleDetail.storyboard in Resources */ = {isa = PBXBuildFile; fileRef = 4E1C2E502715EBB600B97EB0 /* ArticleDetail.storyboard */; };
		4E1C2E5427167F8000B97EB0 /* ModifyViewController.swift in Sources */ = {isa = PBXBuildFile; fileRef = 4E1C2E5327167F8000B97EB0 /* ModifyViewController.swift */; };
		4E1C2E562716808400B97EB0 /* ModifyViewModel.swift in Sources */ = {isa = PBXBuildFile; fileRef = 4E1C2E552716808400B97EB0 /* ModifyViewModel.swift */; };
		4E1C2E582716C72200B97EB0 /* CountryModel.swift in Sources */ = {isa = PBXBuildFile; fileRef = 4E1C2E572716C72200B97EB0 /* CountryModel.swift */; };
		4E1C2E5B2717210700B97EB0 /* ModifyImageTableViewCell.swift in Sources */ = {isa = PBXBuildFile; fileRef = 4E1C2E592717210700B97EB0 /* ModifyImageTableViewCell.swift */; };
		4E1C2E5C2717210700B97EB0 /* ModifyImageTableViewCell.xib in Resources */ = {isa = PBXBuildFile; fileRef = 4E1C2E5A2717210700B97EB0 /* ModifyImageTableViewCell.xib */; };
		4E1C2E5E2717240700B97EB0 /* CountryModifyViewController.swift in Sources */ = {isa = PBXBuildFile; fileRef = 4E1C2E5D2717240700B97EB0 /* CountryModifyViewController.swift */; };
		4E1C2E6127172FDF00B97EB0 /* CountryModifyCollectionViewCell.swift in Sources */ = {isa = PBXBuildFile; fileRef = 4E1C2E5F27172FDF00B97EB0 /* CountryModifyCollectionViewCell.swift */; };
		4E1C2E6227172FDF00B97EB0 /* CountryModifyCollectionViewCell.xib in Resources */ = {isa = PBXBuildFile; fileRef = 4E1C2E6027172FDF00B97EB0 /* CountryModifyCollectionViewCell.xib */; };
		4E32E05126CD16FF005682E5 /* TermsViewController.swift in Sources */ = {isa = PBXBuildFile; fileRef = 4E32E05026CD16FF005682E5 /* TermsViewController.swift */; };
		4E32E05326CD3085005682E5 /* CompleteViewController.swift in Sources */ = {isa = PBXBuildFile; fileRef = 4E32E05226CD3085005682E5 /* CompleteViewController.swift */; };
		4E32E07926DE35FB005682E5 /* GoogleService-Info.plist in Resources */ = {isa = PBXBuildFile; fileRef = 4E32E07826DE35FB005682E5 /* GoogleService-Info.plist */; };
		4E32E07C26DE6147005682E5 /* EditAccountViewModel.swift in Sources */ = {isa = PBXBuildFile; fileRef = 4E32E07B26DE6147005682E5 /* EditAccountViewModel.swift */; };
		4E32E07E26DF6ED8005682E5 /* EditProfileViewModel.swift in Sources */ = {isa = PBXBuildFile; fileRef = 4E32E07D26DF6ED8005682E5 /* EditProfileViewModel.swift */; };
		4E533F3026DFD9A700527FC2 /* Community.storyboard in Resources */ = {isa = PBXBuildFile; fileRef = 4E533F2F26DFD9A700527FC2 /* Community.storyboard */; };
		4E533F3226DFE32D00527FC2 /* TravelNote.storyboard in Resources */ = {isa = PBXBuildFile; fileRef = 4E533F3126DFE32D00527FC2 /* TravelNote.storyboard */; };
		4E533F3426E060F500527FC2 /* HomeViewController.swift in Sources */ = {isa = PBXBuildFile; fileRef = 4E533F3326E060F500527FC2 /* HomeViewController.swift */; };
		4E533F3926E0612000527FC2 /* CommunityViewController.swift in Sources */ = {isa = PBXBuildFile; fileRef = 4E533F3826E0612000527FC2 /* CommunityViewController.swift */; };
		4E533F3C26E08A0900527FC2 /* TravelNoteViewController.swift in Sources */ = {isa = PBXBuildFile; fileRef = 4E533F3B26E08A0900527FC2 /* TravelNoteViewController.swift */; };
		4E533F3E26E09A8E00527FC2 /* TabBarController.swift in Sources */ = {isa = PBXBuildFile; fileRef = 4E533F3D26E09A8E00527FC2 /* TabBarController.swift */; };
		4E64D12A26EF5BA100DB3FDB /* CountryAddCollectionViewCell.swift in Sources */ = {isa = PBXBuildFile; fileRef = 4E64D12826EF5BA100DB3FDB /* CountryAddCollectionViewCell.swift */; };
		4E64D12B26EF5BA100DB3FDB /* CountryAddCollectionViewCell.xib in Resources */ = {isa = PBXBuildFile; fileRef = 4E64D12926EF5BA100DB3FDB /* CountryAddCollectionViewCell.xib */; };
		4E7FD100271D83DA00867F16 /* UserModel.swift in Sources */ = {isa = PBXBuildFile; fileRef = 4E7FD0FF271D83DA00867F16 /* UserModel.swift */; };
		4E7FD102271EAB2B00867F16 /* ReportViewController.swift in Sources */ = {isa = PBXBuildFile; fileRef = 4E7FD101271EAB2B00867F16 /* ReportViewController.swift */; };
		4E7FD104271EAB3B00867F16 /* ReportViewModel.swift in Sources */ = {isa = PBXBuildFile; fileRef = 4E7FD103271EAB3B00867F16 /* ReportViewModel.swift */; };
		4E7FD109271ECEBA00867F16 /* ReportTableViewCell.swift in Sources */ = {isa = PBXBuildFile; fileRef = 4E7FD107271ECEBA00867F16 /* ReportTableViewCell.swift */; };
		4E7FD10A271ECEBA00867F16 /* ReportTableViewCell.xib in Resources */ = {isa = PBXBuildFile; fileRef = 4E7FD108271ECEBA00867F16 /* ReportTableViewCell.xib */; };
		4E7FD10C271ED29600867F16 /* ReportModel.swift in Sources */ = {isa = PBXBuildFile; fileRef = 4E7FD10B271ED29600867F16 /* ReportModel.swift */; };
		4E8A589F2703215C00C8A646 /* ArticleDetailViewModel.swift in Sources */ = {isa = PBXBuildFile; fileRef = 4E8A589E2703215C00C8A646 /* ArticleDetailViewModel.swift */; };
		4E8A58A527034B1F00C8A646 /* ArticleDetailImageTableViewCell.swift in Sources */ = {isa = PBXBuildFile; fileRef = 4E8A58A327034B1F00C8A646 /* ArticleDetailImageTableViewCell.swift */; };
		4E8A58A627034B1F00C8A646 /* ArticleDetailImageTableViewCell.xib in Resources */ = {isa = PBXBuildFile; fileRef = 4E8A58A427034B1F00C8A646 /* ArticleDetailImageTableViewCell.xib */; };
		4E8A58A82704800100C8A646 /* Onboarding.storyboard in Resources */ = {isa = PBXBuildFile; fileRef = 4E8A58A72704800100C8A646 /* Onboarding.storyboard */; };
		4E8A58AB270481D400C8A646 /* OnboardingViewController.swift in Sources */ = {isa = PBXBuildFile; fileRef = 4E8A58AA270481D400C8A646 /* OnboardingViewController.swift */; };
		4E8A58B52705404600C8A646 /* Splash.storyboard in Resources */ = {isa = PBXBuildFile; fileRef = 4E8A58B42705404600C8A646 /* Splash.storyboard */; };
		4E8A58B82705407600C8A646 /* SplashViewController.swift in Sources */ = {isa = PBXBuildFile; fileRef = 4E8A58B72705407500C8A646 /* SplashViewController.swift */; };
		4E8A58BA270548AD00C8A646 /* PageViewController.swift in Sources */ = {isa = PBXBuildFile; fileRef = 4E8A58B9270548AD00C8A646 /* PageViewController.swift */; };
		4E8A58BC270553D600C8A646 /* FirstPageViewController.swift in Sources */ = {isa = PBXBuildFile; fileRef = 4E8A58BB270553D600C8A646 /* FirstPageViewController.swift */; };
		4E8A58BE2705541D00C8A646 /* SecondPageViewController.swift in Sources */ = {isa = PBXBuildFile; fileRef = 4E8A58BD2705541D00C8A646 /* SecondPageViewController.swift */; };
		4E8A58C02705542E00C8A646 /* ThirdPageViewController.swift in Sources */ = {isa = PBXBuildFile; fileRef = 4E8A58BF2705542E00C8A646 /* ThirdPageViewController.swift */; };
		4E8A58C22705544300C8A646 /* FourthPageViewController.swift in Sources */ = {isa = PBXBuildFile; fileRef = 4E8A58C12705544300C8A646 /* FourthPageViewController.swift */; };
		4E8A58C42705545700C8A646 /* FifthPageViewController.swift in Sources */ = {isa = PBXBuildFile; fileRef = 4E8A58C32705545700C8A646 /* FifthPageViewController.swift */; };
		4E8A58CA270584A900C8A646 /* FifthOnboarding.json in Resources */ = {isa = PBXBuildFile; fileRef = 4E8A58C5270584A800C8A646 /* FifthOnboarding.json */; };
		4E8A58CB270584A900C8A646 /* FourthOnboarding.json in Resources */ = {isa = PBXBuildFile; fileRef = 4E8A58C6270584A800C8A646 /* FourthOnboarding.json */; };
		4E8A58CC270584A900C8A646 /* SecondOnboarding.json in Resources */ = {isa = PBXBuildFile; fileRef = 4E8A58C7270584A900C8A646 /* SecondOnboarding.json */; };
		4E8A58CD270584A900C8A646 /* ThirdOnboarding.json in Resources */ = {isa = PBXBuildFile; fileRef = 4E8A58C8270584A900C8A646 /* ThirdOnboarding.json */; };
		4E8A58CE270584A900C8A646 /* FirstOnboarding.json in Resources */ = {isa = PBXBuildFile; fileRef = 4E8A58C9270584A900C8A646 /* FirstOnboarding.json */; };
		4E9B9BBB26ED980F00ABCE87 /* HomeViewModel.swift in Sources */ = {isa = PBXBuildFile; fileRef = 4E9B9BBA26ED980F00ABCE87 /* HomeViewModel.swift */; };
		4E9B9BBD26EDE50800ABCE87 /* TravelNoteViewModel.swift in Sources */ = {isa = PBXBuildFile; fileRef = 4E9B9BBC26EDE50800ABCE87 /* TravelNoteViewModel.swift */; };
		4E9B9BBF26EDE87600ABCE87 /* WrittingViewController.swift in Sources */ = {isa = PBXBuildFile; fileRef = 4E9B9BBE26EDE87600ABCE87 /* WrittingViewController.swift */; };
		4E9B9BC126EE673200ABCE87 /* CountryAddViewController.swift in Sources */ = {isa = PBXBuildFile; fileRef = 4E9B9BC026EE673200ABCE87 /* CountryAddViewController.swift */; };
		4E9DCB1F26C177EF001D218A /* NotoSansKR-Black.otf in Resources */ = {isa = PBXBuildFile; fileRef = 4E9DCB0826C177D1001D218A /* NotoSansKR-Black.otf */; };
		4E9DCB2026C177F1001D218A /* NotoSansKR-Bold.otf in Resources */ = {isa = PBXBuildFile; fileRef = 4E9DCB0D26C177DB001D218A /* NotoSansKR-Bold.otf */; };
		4E9DCB2126C177F3001D218A /* NotoSansKR-Light.otf in Resources */ = {isa = PBXBuildFile; fileRef = 4E9DCB0A26C177DB001D218A /* NotoSansKR-Light.otf */; };
		4E9DCB2226C177F5001D218A /* NotoSansKR-Medium.otf in Resources */ = {isa = PBXBuildFile; fileRef = 4E9DCB0926C177DB001D218A /* NotoSansKR-Medium.otf */; };
		4E9DCB2326C177FB001D218A /* NotoSansKR-Regular.otf in Resources */ = {isa = PBXBuildFile; fileRef = 4E9DCB0B26C177DB001D218A /* NotoSansKR-Regular.otf */; };
		4E9DCB2426C177FD001D218A /* NotoSansKR-Thin.otf in Resources */ = {isa = PBXBuildFile; fileRef = 4E9DCB0C26C177DB001D218A /* NotoSansKR-Thin.otf */; };
		4E9DCB2526C17801001D218A /* Poppins-Black.ttf in Resources */ = {isa = PBXBuildFile; fileRef = 4E9DCB1B26C177E2001D218A /* Poppins-Black.ttf */; };
		4E9DCB2626C17803001D218A /* Poppins-BlackItalic.ttf in Resources */ = {isa = PBXBuildFile; fileRef = 4E9DCB1D26C177E2001D218A /* Poppins-BlackItalic.ttf */; };
		4E9DCB2726C17804001D218A /* Poppins-Bold.ttf in Resources */ = {isa = PBXBuildFile; fileRef = 4E9DCB1726C177E2001D218A /* Poppins-Bold.ttf */; };
		4E9DCB2826C17806001D218A /* Poppins-BoldItalic.ttf in Resources */ = {isa = PBXBuildFile; fileRef = 4E9DCB1E26C177E2001D218A /* Poppins-BoldItalic.ttf */; };
		4E9DCB2926C17808001D218A /* Poppins-ExtraBold.ttf in Resources */ = {isa = PBXBuildFile; fileRef = 4E9DCB1526C177E2001D218A /* Poppins-ExtraBold.ttf */; };
		4E9DCB2A26C1780A001D218A /* Poppins-ExtraBoldItalic.ttf in Resources */ = {isa = PBXBuildFile; fileRef = 4E9DCB1A26C177E2001D218A /* Poppins-ExtraBoldItalic.ttf */; };
		4E9DCB2B26C1780C001D218A /* Poppins-ExtraLight.ttf in Resources */ = {isa = PBXBuildFile; fileRef = 4E9DCB1926C177E2001D218A /* Poppins-ExtraLight.ttf */; };
		4E9DCB2C26C1780E001D218A /* Poppins-ExtraLightItalic.ttf in Resources */ = {isa = PBXBuildFile; fileRef = 4E9DCB1426C177E1001D218A /* Poppins-ExtraLightItalic.ttf */; };
		4E9DCB2D26C17810001D218A /* Poppins-Italic.ttf in Resources */ = {isa = PBXBuildFile; fileRef = 4E9DCB1626C177E2001D218A /* Poppins-Italic.ttf */; };
		4E9DCB2E26C17812001D218A /* Poppins-Light.ttf in Resources */ = {isa = PBXBuildFile; fileRef = 4E9DCB1126C177E1001D218A /* Poppins-Light.ttf */; };
		4E9DCB2F26C17814001D218A /* Poppins-Medium.ttf in Resources */ = {isa = PBXBuildFile; fileRef = 4E9DCB1226C177E1001D218A /* Poppins-Medium.ttf */; };
		4E9DCB3026C17816001D218A /* Poppins-LightItalic.ttf in Resources */ = {isa = PBXBuildFile; fileRef = 4E9DCB1C26C177E2001D218A /* Poppins-LightItalic.ttf */; };
		4E9DCB3126C17819001D218A /* Poppins-MediumItalic.ttf in Resources */ = {isa = PBXBuildFile; fileRef = 4E9DCB1326C177E1001D218A /* Poppins-MediumItalic.ttf */; };
		4E9DCB3226C1781B001D218A /* Poppins-Regular.ttf in Resources */ = {isa = PBXBuildFile; fileRef = 4E9DCB1026C177E1001D218A /* Poppins-Regular.ttf */; };
		4E9DCB3326C1781D001D218A /* Poppins-SemiBold.ttf in Resources */ = {isa = PBXBuildFile; fileRef = 4E9DCB0E26C177E1001D218A /* Poppins-SemiBold.ttf */; };
		4E9DCB3426C1781F001D218A /* Poppins-Thin.ttf in Resources */ = {isa = PBXBuildFile; fileRef = 4E9DCB1826C177E2001D218A /* Poppins-Thin.ttf */; };
		4E9DCB3526C17821001D218A /* Poppins-ThinItalic.ttf in Resources */ = {isa = PBXBuildFile; fileRef = 4E9DCB0F26C177E1001D218A /* Poppins-ThinItalic.ttf */; };
		4EA4CF81270DB203001632D4 /* EarthNode.swift in Sources */ = {isa = PBXBuildFile; fileRef = 4EA4CF80270DB203001632D4 /* EarthNode.swift */; };
		4EA4CF92270DBDA3001632D4 /* Assets.scnassets in Resources */ = {isa = PBXBuildFile; fileRef = 4EA4CF91270DBDA3001632D4 /* Assets.scnassets */; };
		4ECB1691270AED36000029CB /* Loading.json in Resources */ = {isa = PBXBuildFile; fileRef = 4ECB1690270AED36000029CB /* Loading.json */; };
		4ECB1693270AF292000029CB /* SignUpComplete.json in Resources */ = {isa = PBXBuildFile; fileRef = 4ECB1692270AF292000029CB /* SignUpComplete.json */; };
		4EDA402526FC231400B5E80B /* MyProfileEditViewModel.swift in Sources */ = {isa = PBXBuildFile; fileRef = 4EDA402426FC231400B5E80B /* MyProfileEditViewModel.swift */; };
		4EDA40282700B57E00B5E80B /* WrittingAddImageTableViewCell.swift in Sources */ = {isa = PBXBuildFile; fileRef = 4EDA40262700B57E00B5E80B /* WrittingAddImageTableViewCell.swift */; };
		4EDA40292700B57E00B5E80B /* WrittingAddImageTableViewCell.xib in Resources */ = {isa = PBXBuildFile; fileRef = 4EDA40272700B57E00B5E80B /* WrittingAddImageTableViewCell.xib */; };
		4EE9A3AB26F2D1BA00395B2F /* ArticleModel.swift in Sources */ = {isa = PBXBuildFile; fileRef = 4EE9A3AA26F2D1BA00395B2F /* ArticleModel.swift */; };
		4EE9A3AD26F2D97300395B2F /* WrittingViewModel.swift in Sources */ = {isa = PBXBuildFile; fileRef = 4EE9A3AC26F2D97300395B2F /* WrittingViewModel.swift */; };
		4EE9A3B026F3042E00395B2F /* FullArticleTableViewCell.swift in Sources */ = {isa = PBXBuildFile; fileRef = 4EE9A3AE26F3042D00395B2F /* FullArticleTableViewCell.swift */; };
		4EE9A3B126F3042E00395B2F /* FullArticleTableViewCell.xib in Resources */ = {isa = PBXBuildFile; fileRef = 4EE9A3AF26F3042D00395B2F /* FullArticleTableViewCell.xib */; };
		4EE9A3B326F6379500395B2F /* CommunityViewModel.swift in Sources */ = {isa = PBXBuildFile; fileRef = 4EE9A3B226F6379500395B2F /* CommunityViewModel.swift */; };
		4EE9A3B726F758ED00395B2F /* ArticleDetailViewController.swift in Sources */ = {isa = PBXBuildFile; fileRef = 4EE9A3B626F758ED00395B2F /* ArticleDetailViewController.swift */; };
		4EE9A3B926F7684C00395B2F /* MyArticleViewController.swift in Sources */ = {isa = PBXBuildFile; fileRef = 4EE9A3B826F7684C00395B2F /* MyArticleViewController.swift */; };
		4EE9A3BB26F76A6800395B2F /* MyProfileEditViewController.swift in Sources */ = {isa = PBXBuildFile; fileRef = 4EE9A3BA26F76A6800395B2F /* MyProfileEditViewController.swift */; };
		A5A94767E83929E3AA0881CF /* Pods_topaz.framework in Frameworks */ = {isa = PBXBuildFile; fileRef = 44604151810CDEE526775EAB /* Pods_topaz.framework */; };
/* End PBXBuildFile section */

/* Begin PBXFileReference section */
		44604151810CDEE526775EAB /* Pods_topaz.framework */ = {isa = PBXFileReference; explicitFileType = wrapper.framework; includeInIndex = 0; path = Pods_topaz.framework; sourceTree = BUILT_PRODUCTS_DIR; };
		4E01361726FA1B710071F31D /* WelcomeViewModel.swift */ = {isa = PBXFileReference; lastKnownFileType = sourcecode.swift; path = WelcomeViewModel.swift; sourceTree = "<group>"; };
		4E01361926FA24600071F31D /* MySettingViewModel.swift */ = {isa = PBXFileReference; lastKnownFileType = sourcecode.swift; path = MySettingViewModel.swift; sourceTree = "<group>"; };
		4E01361B26FA25D50071F31D /* CompleteViewModel.swift */ = {isa = PBXFileReference; lastKnownFileType = sourcecode.swift; path = CompleteViewModel.swift; sourceTree = "<group>"; };
		4E056DF026C25E5100FDF0F3 /* FindPasswordViewController.swift */ = {isa = PBXFileReference; lastKnownFileType = sourcecode.swift; path = FindPasswordViewController.swift; sourceTree = "<group>"; };
		4E056DF226C25EEB00FDF0F3 /* EditAccountViewController.swift */ = {isa = PBXFileReference; lastKnownFileType = sourcecode.swift; path = EditAccountViewController.swift; sourceTree = "<group>"; };
		4E056DF726C3901E00FDF0F3 /* SignUp.storyboard */ = {isa = PBXFileReference; lastKnownFileType = file.storyboard; path = SignUp.storyboard; sourceTree = "<group>"; };
		4E056DF926C392F500FDF0F3 /* Home.storyboard */ = {isa = PBXFileReference; lastKnownFileType = file.storyboard; path = Home.storyboard; sourceTree = "<group>"; };
		4E056DFD26C39AB500FDF0F3 /* AcceptTermsViewController.swift */ = {isa = PBXFileReference; lastKnownFileType = sourcecode.swift; path = AcceptTermsViewController.swift; sourceTree = "<group>"; };
		4E056DFF26C39AD200FDF0F3 /* EditProfileViewController.swift */ = {isa = PBXFileReference; lastKnownFileType = sourcecode.swift; path = EditProfileViewController.swift; sourceTree = "<group>"; };
		4E056E0126C3B50100FDF0F3 /* GlobalUIFunctions.swift */ = {isa = PBXFileReference; lastKnownFileType = sourcecode.swift; path = GlobalUIFunctions.swift; sourceTree = "<group>"; };
		4E0FAEA726C0EE99003D80E3 /* topaz.app */ = {isa = PBXFileReference; explicitFileType = wrapper.application; includeInIndex = 0; path = topaz.app; sourceTree = BUILT_PRODUCTS_DIR; };
		4E0FAEAA26C0EE99003D80E3 /* AppDelegate.swift */ = {isa = PBXFileReference; lastKnownFileType = sourcecode.swift; path = AppDelegate.swift; sourceTree = "<group>"; };
		4E0FAEAC26C0EE99003D80E3 /* SceneDelegate.swift */ = {isa = PBXFileReference; lastKnownFileType = sourcecode.swift; path = SceneDelegate.swift; sourceTree = "<group>"; };
		4E0FAEAE26C0EE99003D80E3 /* WelcomeViewController.swift */ = {isa = PBXFileReference; lastKnownFileType = sourcecode.swift; path = WelcomeViewController.swift; sourceTree = "<group>"; };
		4E0FAEB126C0EE99003D80E3 /* Base */ = {isa = PBXFileReference; lastKnownFileType = file.storyboard; name = Base; path = Base.lproj/Main.storyboard; sourceTree = "<group>"; };
		4E0FAEB626C0EE9A003D80E3 /* Base */ = {isa = PBXFileReference; lastKnownFileType = file.storyboard; name = Base; path = Base.lproj/LaunchScreen.storyboard; sourceTree = "<group>"; };
		4E0FAEB826C0EE9A003D80E3 /* Info.plist */ = {isa = PBXFileReference; lastKnownFileType = text.plist.xml; path = Info.plist; sourceTree = "<group>"; };
		4E13D0352709A06700CAC6F4 /* LuggageCollectionViewCell.swift */ = {isa = PBXFileReference; lastKnownFileType = sourcecode.swift; path = LuggageCollectionViewCell.swift; sourceTree = "<group>"; };
		4E13D037270AE0AA00CAC6F4 /* Splash.json */ = {isa = PBXFileReference; fileEncoding = 4; lastKnownFileType = text.json; path = Splash.json; sourceTree = "<group>"; };
		4E13D039270AE15200CAC6F4 /* Login.json */ = {isa = PBXFileReference; fileEncoding = 4; lastKnownFileType = text.json; path = Login.json; sourceTree = "<group>"; };
		4E18A57426E66050001504A9 /* MySettingViewController.swift */ = {isa = PBXFileReference; lastKnownFileType = sourcecode.swift; path = MySettingViewController.swift; sourceTree = "<group>"; };
		4E1C2E4C2714025400B97EB0 /* Assets.xcassets */ = {isa = PBXFileReference; lastKnownFileType = folder.assetcatalog; path = Assets.xcassets; sourceTree = "<group>"; };
		4E1C2E4E27154B3100B97EB0 /* SplashViewModel.swift */ = {isa = PBXFileReference; lastKnownFileType = sourcecode.swift; path = SplashViewModel.swift; sourceTree = "<group>"; };
		4E1C2E502715EBB600B97EB0 /* ArticleDetail.storyboard */ = {isa = PBXFileReference; lastKnownFileType = file.storyboard; path = ArticleDetail.storyboard; sourceTree = "<group>"; };
		4E1C2E5327167F8000B97EB0 /* ModifyViewController.swift */ = {isa = PBXFileReference; lastKnownFileType = sourcecode.swift; path = ModifyViewController.swift; sourceTree = "<group>"; };
		4E1C2E552716808400B97EB0 /* ModifyViewModel.swift */ = {isa = PBXFileReference; lastKnownFileType = sourcecode.swift; path = ModifyViewModel.swift; sourceTree = "<group>"; };
		4E1C2E572716C72200B97EB0 /* CountryModel.swift */ = {isa = PBXFileReference; lastKnownFileType = sourcecode.swift; path = CountryModel.swift; sourceTree = "<group>"; };
		4E1C2E592717210700B97EB0 /* ModifyImageTableViewCell.swift */ = {isa = PBXFileReference; lastKnownFileType = sourcecode.swift; path = ModifyImageTableViewCell.swift; sourceTree = "<group>"; };
		4E1C2E5A2717210700B97EB0 /* ModifyImageTableViewCell.xib */ = {isa = PBXFileReference; lastKnownFileType = file.xib; path = ModifyImageTableViewCell.xib; sourceTree = "<group>"; };
		4E1C2E5D2717240700B97EB0 /* CountryModifyViewController.swift */ = {isa = PBXFileReference; lastKnownFileType = sourcecode.swift; path = CountryModifyViewController.swift; sourceTree = "<group>"; };
		4E1C2E5F27172FDF00B97EB0 /* CountryModifyCollectionViewCell.swift */ = {isa = PBXFileReference; lastKnownFileType = sourcecode.swift; path = CountryModifyCollectionViewCell.swift; sourceTree = "<group>"; };
		4E1C2E6027172FDF00B97EB0 /* CountryModifyCollectionViewCell.xib */ = {isa = PBXFileReference; lastKnownFileType = file.xib; path = CountryModifyCollectionViewCell.xib; sourceTree = "<group>"; };
		4E32E05026CD16FF005682E5 /* TermsViewController.swift */ = {isa = PBXFileReference; lastKnownFileType = sourcecode.swift; path = TermsViewController.swift; sourceTree = "<group>"; };
		4E32E05226CD3085005682E5 /* CompleteViewController.swift */ = {isa = PBXFileReference; lastKnownFileType = sourcecode.swift; path = CompleteViewController.swift; sourceTree = "<group>"; };
		4E32E07826DE35FB005682E5 /* GoogleService-Info.plist */ = {isa = PBXFileReference; fileEncoding = 4; lastKnownFileType = text.plist.xml; path = "GoogleService-Info.plist"; sourceTree = "<group>"; };
		4E32E07B26DE6147005682E5 /* EditAccountViewModel.swift */ = {isa = PBXFileReference; lastKnownFileType = sourcecode.swift; path = EditAccountViewModel.swift; sourceTree = "<group>"; };
		4E32E07D26DF6ED8005682E5 /* EditProfileViewModel.swift */ = {isa = PBXFileReference; lastKnownFileType = sourcecode.swift; path = EditProfileViewModel.swift; sourceTree = "<group>"; };
		4E533F2F26DFD9A700527FC2 /* Community.storyboard */ = {isa = PBXFileReference; lastKnownFileType = file.storyboard; path = Community.storyboard; sourceTree = "<group>"; };
		4E533F3126DFE32D00527FC2 /* TravelNote.storyboard */ = {isa = PBXFileReference; lastKnownFileType = file.storyboard; path = TravelNote.storyboard; sourceTree = "<group>"; };
		4E533F3326E060F500527FC2 /* HomeViewController.swift */ = {isa = PBXFileReference; lastKnownFileType = sourcecode.swift; path = HomeViewController.swift; sourceTree = "<group>"; };
		4E533F3826E0612000527FC2 /* CommunityViewController.swift */ = {isa = PBXFileReference; lastKnownFileType = sourcecode.swift; path = CommunityViewController.swift; sourceTree = "<group>"; };
		4E533F3B26E08A0900527FC2 /* TravelNoteViewController.swift */ = {isa = PBXFileReference; lastKnownFileType = sourcecode.swift; path = TravelNoteViewController.swift; sourceTree = "<group>"; };
		4E533F3D26E09A8E00527FC2 /* TabBarController.swift */ = {isa = PBXFileReference; lastKnownFileType = sourcecode.swift; path = TabBarController.swift; sourceTree = "<group>"; };
		4E64D12826EF5BA100DB3FDB /* CountryAddCollectionViewCell.swift */ = {isa = PBXFileReference; lastKnownFileType = sourcecode.swift; path = CountryAddCollectionViewCell.swift; sourceTree = "<group>"; };
		4E64D12926EF5BA100DB3FDB /* CountryAddCollectionViewCell.xib */ = {isa = PBXFileReference; lastKnownFileType = file.xib; path = CountryAddCollectionViewCell.xib; sourceTree = "<group>"; };
		4E7FD0FF271D83DA00867F16 /* UserModel.swift */ = {isa = PBXFileReference; lastKnownFileType = sourcecode.swift; path = UserModel.swift; sourceTree = "<group>"; };
		4E7FD101271EAB2B00867F16 /* ReportViewController.swift */ = {isa = PBXFileReference; lastKnownFileType = sourcecode.swift; path = ReportViewController.swift; sourceTree = "<group>"; };
		4E7FD103271EAB3B00867F16 /* ReportViewModel.swift */ = {isa = PBXFileReference; lastKnownFileType = sourcecode.swift; path = ReportViewModel.swift; sourceTree = "<group>"; };
		4E7FD107271ECEBA00867F16 /* ReportTableViewCell.swift */ = {isa = PBXFileReference; lastKnownFileType = sourcecode.swift; path = ReportTableViewCell.swift; sourceTree = "<group>"; };
		4E7FD108271ECEBA00867F16 /* ReportTableViewCell.xib */ = {isa = PBXFileReference; lastKnownFileType = file.xib; path = ReportTableViewCell.xib; sourceTree = "<group>"; };
		4E7FD10B271ED29600867F16 /* ReportModel.swift */ = {isa = PBXFileReference; lastKnownFileType = sourcecode.swift; path = ReportModel.swift; sourceTree = "<group>"; };
		4E8A589E2703215C00C8A646 /* ArticleDetailViewModel.swift */ = {isa = PBXFileReference; lastKnownFileType = sourcecode.swift; path = ArticleDetailViewModel.swift; sourceTree = "<group>"; };
		4E8A58A327034B1F00C8A646 /* ArticleDetailImageTableViewCell.swift */ = {isa = PBXFileReference; lastKnownFileType = sourcecode.swift; path = ArticleDetailImageTableViewCell.swift; sourceTree = "<group>"; };
		4E8A58A427034B1F00C8A646 /* ArticleDetailImageTableViewCell.xib */ = {isa = PBXFileReference; lastKnownFileType = file.xib; path = ArticleDetailImageTableViewCell.xib; sourceTree = "<group>"; };
		4E8A58A72704800100C8A646 /* Onboarding.storyboard */ = {isa = PBXFileReference; lastKnownFileType = file.storyboard; path = Onboarding.storyboard; sourceTree = "<group>"; };
		4E8A58AA270481D400C8A646 /* OnboardingViewController.swift */ = {isa = PBXFileReference; lastKnownFileType = sourcecode.swift; path = OnboardingViewController.swift; sourceTree = "<group>"; };
		4E8A58B42705404600C8A646 /* Splash.storyboard */ = {isa = PBXFileReference; lastKnownFileType = file.storyboard; path = Splash.storyboard; sourceTree = "<group>"; };
		4E8A58B72705407500C8A646 /* SplashViewController.swift */ = {isa = PBXFileReference; lastKnownFileType = sourcecode.swift; path = SplashViewController.swift; sourceTree = "<group>"; };
		4E8A58B9270548AD00C8A646 /* PageViewController.swift */ = {isa = PBXFileReference; lastKnownFileType = sourcecode.swift; path = PageViewController.swift; sourceTree = "<group>"; };
		4E8A58BB270553D600C8A646 /* FirstPageViewController.swift */ = {isa = PBXFileReference; lastKnownFileType = sourcecode.swift; path = FirstPageViewController.swift; sourceTree = "<group>"; };
		4E8A58BD2705541D00C8A646 /* SecondPageViewController.swift */ = {isa = PBXFileReference; lastKnownFileType = sourcecode.swift; path = SecondPageViewController.swift; sourceTree = "<group>"; };
		4E8A58BF2705542E00C8A646 /* ThirdPageViewController.swift */ = {isa = PBXFileReference; lastKnownFileType = sourcecode.swift; path = ThirdPageViewController.swift; sourceTree = "<group>"; };
		4E8A58C12705544300C8A646 /* FourthPageViewController.swift */ = {isa = PBXFileReference; lastKnownFileType = sourcecode.swift; path = FourthPageViewController.swift; sourceTree = "<group>"; };
		4E8A58C32705545700C8A646 /* FifthPageViewController.swift */ = {isa = PBXFileReference; lastKnownFileType = sourcecode.swift; path = FifthPageViewController.swift; sourceTree = "<group>"; };
		4E8A58C5270584A800C8A646 /* FifthOnboarding.json */ = {isa = PBXFileReference; fileEncoding = 4; lastKnownFileType = text.json; path = FifthOnboarding.json; sourceTree = "<group>"; };
		4E8A58C6270584A800C8A646 /* FourthOnboarding.json */ = {isa = PBXFileReference; fileEncoding = 4; lastKnownFileType = text.json; path = FourthOnboarding.json; sourceTree = "<group>"; };
		4E8A58C7270584A900C8A646 /* SecondOnboarding.json */ = {isa = PBXFileReference; fileEncoding = 4; lastKnownFileType = text.json; path = SecondOnboarding.json; sourceTree = "<group>"; };
		4E8A58C8270584A900C8A646 /* ThirdOnboarding.json */ = {isa = PBXFileReference; fileEncoding = 4; lastKnownFileType = text.json; path = ThirdOnboarding.json; sourceTree = "<group>"; };
		4E8A58C9270584A900C8A646 /* FirstOnboarding.json */ = {isa = PBXFileReference; fileEncoding = 4; lastKnownFileType = text.json; path = FirstOnboarding.json; sourceTree = "<group>"; };
		4E9B9BBA26ED980F00ABCE87 /* HomeViewModel.swift */ = {isa = PBXFileReference; lastKnownFileType = sourcecode.swift; path = HomeViewModel.swift; sourceTree = "<group>"; };
		4E9B9BBC26EDE50800ABCE87 /* TravelNoteViewModel.swift */ = {isa = PBXFileReference; lastKnownFileType = sourcecode.swift; path = TravelNoteViewModel.swift; sourceTree = "<group>"; };
		4E9B9BBE26EDE87600ABCE87 /* WrittingViewController.swift */ = {isa = PBXFileReference; lastKnownFileType = sourcecode.swift; path = WrittingViewController.swift; sourceTree = "<group>"; };
		4E9B9BC026EE673200ABCE87 /* CountryAddViewController.swift */ = {isa = PBXFileReference; lastKnownFileType = sourcecode.swift; path = CountryAddViewController.swift; sourceTree = "<group>"; };
		4E9DCB0826C177D1001D218A /* NotoSansKR-Black.otf */ = {isa = PBXFileReference; lastKnownFileType = file; path = "NotoSansKR-Black.otf"; sourceTree = "<group>"; };
		4E9DCB0926C177DB001D218A /* NotoSansKR-Medium.otf */ = {isa = PBXFileReference; lastKnownFileType = file; path = "NotoSansKR-Medium.otf"; sourceTree = "<group>"; };
		4E9DCB0A26C177DB001D218A /* NotoSansKR-Light.otf */ = {isa = PBXFileReference; lastKnownFileType = file; path = "NotoSansKR-Light.otf"; sourceTree = "<group>"; };
		4E9DCB0B26C177DB001D218A /* NotoSansKR-Regular.otf */ = {isa = PBXFileReference; lastKnownFileType = file; path = "NotoSansKR-Regular.otf"; sourceTree = "<group>"; };
		4E9DCB0C26C177DB001D218A /* NotoSansKR-Thin.otf */ = {isa = PBXFileReference; lastKnownFileType = file; path = "NotoSansKR-Thin.otf"; sourceTree = "<group>"; };
		4E9DCB0D26C177DB001D218A /* NotoSansKR-Bold.otf */ = {isa = PBXFileReference; lastKnownFileType = file; path = "NotoSansKR-Bold.otf"; sourceTree = "<group>"; };
		4E9DCB0E26C177E1001D218A /* Poppins-SemiBold.ttf */ = {isa = PBXFileReference; lastKnownFileType = file; path = "Poppins-SemiBold.ttf"; sourceTree = "<group>"; };
		4E9DCB0F26C177E1001D218A /* Poppins-ThinItalic.ttf */ = {isa = PBXFileReference; lastKnownFileType = file; path = "Poppins-ThinItalic.ttf"; sourceTree = "<group>"; };
		4E9DCB1026C177E1001D218A /* Poppins-Regular.ttf */ = {isa = PBXFileReference; lastKnownFileType = file; path = "Poppins-Regular.ttf"; sourceTree = "<group>"; };
		4E9DCB1126C177E1001D218A /* Poppins-Light.ttf */ = {isa = PBXFileReference; lastKnownFileType = file; path = "Poppins-Light.ttf"; sourceTree = "<group>"; };
		4E9DCB1226C177E1001D218A /* Poppins-Medium.ttf */ = {isa = PBXFileReference; lastKnownFileType = file; path = "Poppins-Medium.ttf"; sourceTree = "<group>"; };
		4E9DCB1326C177E1001D218A /* Poppins-MediumItalic.ttf */ = {isa = PBXFileReference; lastKnownFileType = file; path = "Poppins-MediumItalic.ttf"; sourceTree = "<group>"; };
		4E9DCB1426C177E1001D218A /* Poppins-ExtraLightItalic.ttf */ = {isa = PBXFileReference; lastKnownFileType = file; path = "Poppins-ExtraLightItalic.ttf"; sourceTree = "<group>"; };
		4E9DCB1526C177E2001D218A /* Poppins-ExtraBold.ttf */ = {isa = PBXFileReference; lastKnownFileType = file; path = "Poppins-ExtraBold.ttf"; sourceTree = "<group>"; };
		4E9DCB1626C177E2001D218A /* Poppins-Italic.ttf */ = {isa = PBXFileReference; lastKnownFileType = file; path = "Poppins-Italic.ttf"; sourceTree = "<group>"; };
		4E9DCB1726C177E2001D218A /* Poppins-Bold.ttf */ = {isa = PBXFileReference; lastKnownFileType = file; path = "Poppins-Bold.ttf"; sourceTree = "<group>"; };
		4E9DCB1826C177E2001D218A /* Poppins-Thin.ttf */ = {isa = PBXFileReference; lastKnownFileType = file; path = "Poppins-Thin.ttf"; sourceTree = "<group>"; };
		4E9DCB1926C177E2001D218A /* Poppins-ExtraLight.ttf */ = {isa = PBXFileReference; lastKnownFileType = file; path = "Poppins-ExtraLight.ttf"; sourceTree = "<group>"; };
		4E9DCB1A26C177E2001D218A /* Poppins-ExtraBoldItalic.ttf */ = {isa = PBXFileReference; lastKnownFileType = file; path = "Poppins-ExtraBoldItalic.ttf"; sourceTree = "<group>"; };
		4E9DCB1B26C177E2001D218A /* Poppins-Black.ttf */ = {isa = PBXFileReference; lastKnownFileType = file; path = "Poppins-Black.ttf"; sourceTree = "<group>"; };
		4E9DCB1C26C177E2001D218A /* Poppins-LightItalic.ttf */ = {isa = PBXFileReference; lastKnownFileType = file; path = "Poppins-LightItalic.ttf"; sourceTree = "<group>"; };
		4E9DCB1D26C177E2001D218A /* Poppins-BlackItalic.ttf */ = {isa = PBXFileReference; lastKnownFileType = file; path = "Poppins-BlackItalic.ttf"; sourceTree = "<group>"; };
		4E9DCB1E26C177E2001D218A /* Poppins-BoldItalic.ttf */ = {isa = PBXFileReference; lastKnownFileType = file; path = "Poppins-BoldItalic.ttf"; sourceTree = "<group>"; };
		4EA4CF80270DB203001632D4 /* EarthNode.swift */ = {isa = PBXFileReference; lastKnownFileType = sourcecode.swift; path = EarthNode.swift; sourceTree = "<group>"; };
		4EA4CF91270DBDA3001632D4 /* Assets.scnassets */ = {isa = PBXFileReference; lastKnownFileType = wrapper.scnassets; name = Assets.scnassets; path = Controller/Home/Assets.scnassets; sourceTree = "<group>"; };
		4ECB1690270AED36000029CB /* Loading.json */ = {isa = PBXFileReference; fileEncoding = 4; lastKnownFileType = text.json; path = Loading.json; sourceTree = "<group>"; };
		4ECB1692270AF292000029CB /* SignUpComplete.json */ = {isa = PBXFileReference; fileEncoding = 4; lastKnownFileType = text.json; path = SignUpComplete.json; sourceTree = "<group>"; };
		4EDA402426FC231400B5E80B /* MyProfileEditViewModel.swift */ = {isa = PBXFileReference; lastKnownFileType = sourcecode.swift; path = MyProfileEditViewModel.swift; sourceTree = "<group>"; };
		4EDA40262700B57E00B5E80B /* WrittingAddImageTableViewCell.swift */ = {isa = PBXFileReference; lastKnownFileType = sourcecode.swift; path = WrittingAddImageTableViewCell.swift; sourceTree = "<group>"; };
		4EDA40272700B57E00B5E80B /* WrittingAddImageTableViewCell.xib */ = {isa = PBXFileReference; lastKnownFileType = file.xib; path = WrittingAddImageTableViewCell.xib; sourceTree = "<group>"; };
		4EE9A3AA26F2D1BA00395B2F /* ArticleModel.swift */ = {isa = PBXFileReference; lastKnownFileType = sourcecode.swift; path = ArticleModel.swift; sourceTree = "<group>"; };
		4EE9A3AC26F2D97300395B2F /* WrittingViewModel.swift */ = {isa = PBXFileReference; lastKnownFileType = sourcecode.swift; path = WrittingViewModel.swift; sourceTree = "<group>"; };
		4EE9A3AE26F3042D00395B2F /* FullArticleTableViewCell.swift */ = {isa = PBXFileReference; lastKnownFileType = sourcecode.swift; path = FullArticleTableViewCell.swift; sourceTree = "<group>"; };
		4EE9A3AF26F3042D00395B2F /* FullArticleTableViewCell.xib */ = {isa = PBXFileReference; lastKnownFileType = file.xib; path = FullArticleTableViewCell.xib; sourceTree = "<group>"; };
		4EE9A3B226F6379500395B2F /* CommunityViewModel.swift */ = {isa = PBXFileReference; lastKnownFileType = sourcecode.swift; path = CommunityViewModel.swift; sourceTree = "<group>"; };
		4EE9A3B626F758ED00395B2F /* ArticleDetailViewController.swift */ = {isa = PBXFileReference; lastKnownFileType = sourcecode.swift; path = ArticleDetailViewController.swift; sourceTree = "<group>"; };
		4EE9A3B826F7684C00395B2F /* MyArticleViewController.swift */ = {isa = PBXFileReference; lastKnownFileType = sourcecode.swift; path = MyArticleViewController.swift; sourceTree = "<group>"; };
		4EE9A3BA26F76A6800395B2F /* MyProfileEditViewController.swift */ = {isa = PBXFileReference; lastKnownFileType = sourcecode.swift; path = MyProfileEditViewController.swift; sourceTree = "<group>"; };
		7E3975921A6298E978E2E2DB /* Pods-topaz.debug.xcconfig */ = {isa = PBXFileReference; includeInIndex = 1; lastKnownFileType = text.xcconfig; name = "Pods-topaz.debug.xcconfig"; path = "Target Support Files/Pods-topaz/Pods-topaz.debug.xcconfig"; sourceTree = "<group>"; };
		D0BB8C8097326A0C7F69BE6B /* Pods-topaz.release.xcconfig */ = {isa = PBXFileReference; includeInIndex = 1; lastKnownFileType = text.xcconfig; name = "Pods-topaz.release.xcconfig"; path = "Target Support Files/Pods-topaz/Pods-topaz.release.xcconfig"; sourceTree = "<group>"; };
/* End PBXFileReference section */

/* Begin PBXFrameworksBuildPhase section */
		4E0FAEA426C0EE99003D80E3 /* Frameworks */ = {
			isa = PBXFrameworksBuildPhase;
			buildActionMask = 2147483647;
			files = (
				A5A94767E83929E3AA0881CF /* Pods_topaz.framework in Frameworks */,
			);
			runOnlyForDeploymentPostprocessing = 0;
		};
/* End PBXFrameworksBuildPhase section */

/* Begin PBXGroup section */
		47753D3DDBC92C3E504B07DC /* Pods */ = {
			isa = PBXGroup;
			children = (
				7E3975921A6298E978E2E2DB /* Pods-topaz.debug.xcconfig */,
				D0BB8C8097326A0C7F69BE6B /* Pods-topaz.release.xcconfig */,
			);
			path = Pods;
			sourceTree = "<group>";
		};
		4E056DFB26C39A1700FDF0F3 /* Main */ = {
			isa = PBXGroup;
			children = (
				4E0FAEAE26C0EE99003D80E3 /* WelcomeViewController.swift */,
				4E01361726FA1B710071F31D /* WelcomeViewModel.swift */,
				4E056DF026C25E5100FDF0F3 /* FindPasswordViewController.swift */,
			);
			path = Main;
			sourceTree = "<group>";
		};
		4E056DFC26C39A3F00FDF0F3 /* SignUp */ = {
			isa = PBXGroup;
			children = (
				4E056DF226C25EEB00FDF0F3 /* EditAccountViewController.swift */,
				4E32E07B26DE6147005682E5 /* EditAccountViewModel.swift */,
				4E056DFD26C39AB500FDF0F3 /* AcceptTermsViewController.swift */,
				4E056DFF26C39AD200FDF0F3 /* EditProfileViewController.swift */,
				4E32E07D26DF6ED8005682E5 /* EditProfileViewModel.swift */,
				4E32E05026CD16FF005682E5 /* TermsViewController.swift */,
				4E32E05226CD3085005682E5 /* CompleteViewController.swift */,
				4E01361B26FA25D50071F31D /* CompleteViewModel.swift */,
			);
			path = SignUp;
			sourceTree = "<group>";
		};
		4E0FAE9E26C0EE99003D80E3 = {
			isa = PBXGroup;
			children = (
				4E0FAEA926C0EE99003D80E3 /* topaz */,
				4E0FAEA826C0EE99003D80E3 /* Products */,
				47753D3DDBC92C3E504B07DC /* Pods */,
				6B6292D5191DF706BC534E8D /* Frameworks */,
			);
			sourceTree = "<group>";
		};
		4E0FAEA826C0EE99003D80E3 /* Products */ = {
			isa = PBXGroup;
			children = (
				4E0FAEA726C0EE99003D80E3 /* topaz.app */,
			);
			name = Products;
			sourceTree = "<group>";
		};
		4E0FAEA926C0EE99003D80E3 /* topaz */ = {
			isa = PBXGroup;
			children = (
				4E0FAEAA26C0EE99003D80E3 /* AppDelegate.swift */,
				4E0FAEAC26C0EE99003D80E3 /* SceneDelegate.swift */,
				4E8A58A0270336CD00C8A646 /* Json */,
				4EFBA8DD26C137C9001F1557 /* Model */,
				4EFBA8DC26C137B3001F1557 /* Controller */,
				4E056E0126C3B50100FDF0F3 /* GlobalUIFunctions.swift */,
				4EFBA8DB26C137A8001F1557 /* View */,
				4E1C2E4C2714025400B97EB0 /* Assets.xcassets */,
				4EA4CF91270DBDA3001632D4 /* Assets.scnassets */,
				4E0FAEB526C0EE9A003D80E3 /* LaunchScreen.storyboard */,
				4E32E07826DE35FB005682E5 /* GoogleService-Info.plist */,
				4E0FAEB826C0EE9A003D80E3 /* Info.plist */,
				4E9DCB0426C173BE001D218A /* Fonts */,
			);
			path = topaz;
			sourceTree = "<group>";
		};
		4E1C2E522715EC0900B97EB0 /* ArticleDetail */ = {
			isa = PBXGroup;
			children = (
				4EE9A3B626F758ED00395B2F /* ArticleDetailViewController.swift */,
				4E8A589E2703215C00C8A646 /* ArticleDetailViewModel.swift */,
				4E8A58A327034B1F00C8A646 /* ArticleDetailImageTableViewCell.swift */,
				4E8A58A427034B1F00C8A646 /* ArticleDetailImageTableViewCell.xib */,
				4E1C2E5327167F8000B97EB0 /* ModifyViewController.swift */,
				4E1C2E552716808400B97EB0 /* ModifyViewModel.swift */,
				4E1C2E592717210700B97EB0 /* ModifyImageTableViewCell.swift */,
				4E1C2E5A2717210700B97EB0 /* ModifyImageTableViewCell.xib */,
				4E1C2E5D2717240700B97EB0 /* CountryModifyViewController.swift */,
				4E1C2E5F27172FDF00B97EB0 /* CountryModifyCollectionViewCell.swift */,
				4E1C2E6027172FDF00B97EB0 /* CountryModifyCollectionViewCell.xib */,
				4E7FD101271EAB2B00867F16 /* ReportViewController.swift */,
				4E7FD103271EAB3B00867F16 /* ReportViewModel.swift */,
				4E7FD107271ECEBA00867F16 /* ReportTableViewCell.swift */,
				4E7FD108271ECEBA00867F16 /* ReportTableViewCell.xib */,
			);
			path = ArticleDetail;
			sourceTree = "<group>";
		};
		4E533F3626E0610200527FC2 /* Home */ = {
			isa = PBXGroup;
			children = (
				4E533F3326E060F500527FC2 /* HomeViewController.swift */,
				4E9B9BBA26ED980F00ABCE87 /* HomeViewModel.swift */,
				4E533F3D26E09A8E00527FC2 /* TabBarController.swift */,
				4EA4CF80270DB203001632D4 /* EarthNode.swift */,
			);
			path = Home;
			sourceTree = "<group>";
		};
		4E533F3726E0610D00527FC2 /* Community */ = {
			isa = PBXGroup;
			children = (
				4EE9A3B526F7586200395B2F /* Main */,
				4EE9A3B426F7582800395B2F /* Writting */,
			);
			path = Community;
			sourceTree = "<group>";
		};
		4E533F3A26E089C200527FC2 /* TravelNote */ = {
			isa = PBXGroup;
			children = (
				4E533F3B26E08A0900527FC2 /* TravelNoteViewController.swift */,
				4E9B9BBC26EDE50800ABCE87 /* TravelNoteViewModel.swift */,
				4EE9A3B826F7684C00395B2F /* MyArticleViewController.swift */,
				4EE9A3BA26F76A6800395B2F /* MyProfileEditViewController.swift */,
				4EDA402426FC231400B5E80B /* MyProfileEditViewModel.swift */,
				4E18A57426E66050001504A9 /* MySettingViewController.swift */,
				4E01361926FA24600071F31D /* MySettingViewModel.swift */,
			);
			path = TravelNote;
			sourceTree = "<group>";
		};
		4E8A58A0270336CD00C8A646 /* Json */ = {
			isa = PBXGroup;
			children = (
				4E13D037270AE0AA00CAC6F4 /* Splash.json */,
				4ECB1690270AED36000029CB /* Loading.json */,
				4E13D039270AE15200CAC6F4 /* Login.json */,
				4ECB1692270AF292000029CB /* SignUpComplete.json */,
				4E8A58C9270584A900C8A646 /* FirstOnboarding.json */,
				4E8A58C7270584A900C8A646 /* SecondOnboarding.json */,
				4E8A58C8270584A900C8A646 /* ThirdOnboarding.json */,
				4E8A58C6270584A800C8A646 /* FourthOnboarding.json */,
				4E8A58C5270584A800C8A646 /* FifthOnboarding.json */,
			);
			path = Json;
			sourceTree = "<group>";
		};
		4E8A58A92704806900C8A646 /* Onboarding */ = {
			isa = PBXGroup;
			children = (
				4E8A58AA270481D400C8A646 /* OnboardingViewController.swift */,
				4E8A58B9270548AD00C8A646 /* PageViewController.swift */,
				4E8A58BB270553D600C8A646 /* FirstPageViewController.swift */,
				4E8A58BD2705541D00C8A646 /* SecondPageViewController.swift */,
				4E8A58BF2705542E00C8A646 /* ThirdPageViewController.swift */,
				4E8A58C12705544300C8A646 /* FourthPageViewController.swift */,
				4E8A58C32705545700C8A646 /* FifthPageViewController.swift */,
			);
			path = Onboarding;
			sourceTree = "<group>";
		};
		4E8A58B62705406200C8A646 /* Splash */ = {
			isa = PBXGroup;
			children = (
				4E8A58B72705407500C8A646 /* SplashViewController.swift */,
				4E1C2E4E27154B3100B97EB0 /* SplashViewModel.swift */,
			);
			path = Splash;
			sourceTree = "<group>";
		};
		4E9DCB0426C173BE001D218A /* Fonts */ = {
			isa = PBXGroup;
			children = (
				4E9DCB0826C177D1001D218A /* NotoSansKR-Black.otf */,
				4E9DCB0D26C177DB001D218A /* NotoSansKR-Bold.otf */,
				4E9DCB0A26C177DB001D218A /* NotoSansKR-Light.otf */,
				4E9DCB0926C177DB001D218A /* NotoSansKR-Medium.otf */,
				4E9DCB0B26C177DB001D218A /* NotoSansKR-Regular.otf */,
				4E9DCB0C26C177DB001D218A /* NotoSansKR-Thin.otf */,
				4E9DCB1B26C177E2001D218A /* Poppins-Black.ttf */,
				4E9DCB1D26C177E2001D218A /* Poppins-BlackItalic.ttf */,
				4E9DCB1726C177E2001D218A /* Poppins-Bold.ttf */,
				4E9DCB1E26C177E2001D218A /* Poppins-BoldItalic.ttf */,
				4E9DCB1526C177E2001D218A /* Poppins-ExtraBold.ttf */,
				4E9DCB1A26C177E2001D218A /* Poppins-ExtraBoldItalic.ttf */,
				4E9DCB1926C177E2001D218A /* Poppins-ExtraLight.ttf */,
				4E9DCB1426C177E1001D218A /* Poppins-ExtraLightItalic.ttf */,
				4E9DCB1626C177E2001D218A /* Poppins-Italic.ttf */,
				4E9DCB1126C177E1001D218A /* Poppins-Light.ttf */,
				4E9DCB1C26C177E2001D218A /* Poppins-LightItalic.ttf */,
				4E9DCB1226C177E1001D218A /* Poppins-Medium.ttf */,
				4E9DCB1326C177E1001D218A /* Poppins-MediumItalic.ttf */,
				4E9DCB1026C177E1001D218A /* Poppins-Regular.ttf */,
				4E9DCB0E26C177E1001D218A /* Poppins-SemiBold.ttf */,
				4E9DCB1826C177E2001D218A /* Poppins-Thin.ttf */,
				4E9DCB0F26C177E1001D218A /* Poppins-ThinItalic.ttf */,
			);
			path = Fonts;
			sourceTree = "<group>";
		};
		4EE9A3B426F7582800395B2F /* Writting */ = {
			isa = PBXGroup;
			children = (
				4E9B9BBE26EDE87600ABCE87 /* WrittingViewController.swift */,
				4EE9A3AC26F2D97300395B2F /* WrittingViewModel.swift */,
				4EDA40262700B57E00B5E80B /* WrittingAddImageTableViewCell.swift */,
				4EDA40272700B57E00B5E80B /* WrittingAddImageTableViewCell.xib */,
				4E9B9BC026EE673200ABCE87 /* CountryAddViewController.swift */,
				4E64D12826EF5BA100DB3FDB /* CountryAddCollectionViewCell.swift */,
				4E64D12926EF5BA100DB3FDB /* CountryAddCollectionViewCell.xib */,
			);
			path = Writting;
			sourceTree = "<group>";
		};
		4EE9A3B526F7586200395B2F /* Main */ = {
			isa = PBXGroup;
			children = (
				4E533F3826E0612000527FC2 /* CommunityViewController.swift */,
				4EE9A3B226F6379500395B2F /* CommunityViewModel.swift */,
				4E13D0352709A06700CAC6F4 /* LuggageCollectionViewCell.swift */,
				4EE9A3AE26F3042D00395B2F /* FullArticleTableViewCell.swift */,
				4EE9A3AF26F3042D00395B2F /* FullArticleTableViewCell.xib */,
			);
			path = Main;
			sourceTree = "<group>";
		};
		4EFBA8DB26C137A8001F1557 /* View */ = {
			isa = PBXGroup;
			children = (
				4E0FAEB026C0EE99003D80E3 /* Main.storyboard */,
				4E056DF726C3901E00FDF0F3 /* SignUp.storyboard */,
				4E056DF926C392F500FDF0F3 /* Home.storyboard */,
				4E533F2F26DFD9A700527FC2 /* Community.storyboard */,
				4E533F3126DFE32D00527FC2 /* TravelNote.storyboard */,
				4E8A58A72704800100C8A646 /* Onboarding.storyboard */,
				4E8A58B42705404600C8A646 /* Splash.storyboard */,
				4E1C2E502715EBB600B97EB0 /* ArticleDetail.storyboard */,
			);
			path = View;
			sourceTree = "<group>";
		};
		4EFBA8DC26C137B3001F1557 /* Controller */ = {
			isa = PBXGroup;
			children = (
				4E1C2E522715EC0900B97EB0 /* ArticleDetail */,
				4E8A58B62705406200C8A646 /* Splash */,
				4E8A58A92704806900C8A646 /* Onboarding */,
				4E533F3A26E089C200527FC2 /* TravelNote */,
				4E056DFB26C39A1700FDF0F3 /* Main */,
				4E056DFC26C39A3F00FDF0F3 /* SignUp */,
				4E533F3726E0610D00527FC2 /* Community */,
				4E533F3626E0610200527FC2 /* Home */,
			);
			path = Controller;
			sourceTree = "<group>";
		};
		4EFBA8DD26C137C9001F1557 /* Model */ = {
			isa = PBXGroup;
			children = (
				4EE9A3AA26F2D1BA00395B2F /* ArticleModel.swift */,
				4E1C2E572716C72200B97EB0 /* CountryModel.swift */,
				4E7FD0FF271D83DA00867F16 /* UserModel.swift */,
				4E7FD10B271ED29600867F16 /* ReportModel.swift */,
			);
			path = Model;
			sourceTree = "<group>";
		};
		6B6292D5191DF706BC534E8D /* Frameworks */ = {
			isa = PBXGroup;
			children = (
				44604151810CDEE526775EAB /* Pods_topaz.framework */,
			);
			name = Frameworks;
			sourceTree = "<group>";
		};
/* End PBXGroup section */

/* Begin PBXNativeTarget section */
		4E0FAEA626C0EE99003D80E3 /* topaz */ = {
			isa = PBXNativeTarget;
			buildConfigurationList = 4E0FAEBB26C0EE9A003D80E3 /* Build configuration list for PBXNativeTarget "topaz" */;
			buildPhases = (
				664AC069DD48ECBCF581AB08 /* [CP] Check Pods Manifest.lock */,
				4E0FAEA326C0EE99003D80E3 /* Sources */,
				4E0FAEA426C0EE99003D80E3 /* Frameworks */,
				4E0FAEA526C0EE99003D80E3 /* Resources */,
				D272080A3756150DD9F4DEE4 /* [CP] Embed Pods Frameworks */,
			);
			buildRules = (
			);
			dependencies = (
			);
			name = topaz;
			productName = topaz;
			productReference = 4E0FAEA726C0EE99003D80E3 /* topaz.app */;
			productType = "com.apple.product-type.application";
		};
/* End PBXNativeTarget section */

/* Begin PBXProject section */
		4E0FAE9F26C0EE99003D80E3 /* Project object */ = {
			isa = PBXProject;
			attributes = {
				LastSwiftUpdateCheck = 1250;
				LastUpgradeCheck = 1250;
				TargetAttributes = {
					4E0FAEA626C0EE99003D80E3 = {
						CreatedOnToolsVersion = 12.5.1;
					};
				};
			};
			buildConfigurationList = 4E0FAEA226C0EE99003D80E3 /* Build configuration list for PBXProject "topaz" */;
			compatibilityVersion = "Xcode 9.3";
			developmentRegion = en;
			hasScannedForEncodings = 0;
			knownRegions = (
				en,
				Base,
			);
			mainGroup = 4E0FAE9E26C0EE99003D80E3;
			productRefGroup = 4E0FAEA826C0EE99003D80E3 /* Products */;
			projectDirPath = "";
			projectRoot = "";
			targets = (
				4E0FAEA626C0EE99003D80E3 /* topaz */,
			);
		};
/* End PBXProject section */

/* Begin PBXResourcesBuildPhase section */
		4E0FAEA526C0EE99003D80E3 /* Resources */ = {
			isa = PBXResourcesBuildPhase;
			buildActionMask = 2147483647;
			files = (
				4E0FAEB726C0EE9A003D80E3 /* LaunchScreen.storyboard in Resources */,
				4E533F3226DFE32D00527FC2 /* TravelNote.storyboard in Resources */,
				4E9DCB2B26C1780C001D218A /* Poppins-ExtraLight.ttf in Resources */,
				4E9DCB2926C17808001D218A /* Poppins-ExtraBold.ttf in Resources */,
				4E8A58CC270584A900C8A646 /* SecondOnboarding.json in Resources */,
				4E9DCB3426C1781F001D218A /* Poppins-Thin.ttf in Resources */,
				4E9DCB2326C177FB001D218A /* NotoSansKR-Regular.otf in Resources */,
				4E8A58A627034B1F00C8A646 /* ArticleDetailImageTableViewCell.xib in Resources */,
				4E7FD10A271ECEBA00867F16 /* ReportTableViewCell.xib in Resources */,
				4E9DCB2D26C17810001D218A /* Poppins-Italic.ttf in Resources */,
				4E9DCB2126C177F3001D218A /* NotoSansKR-Light.otf in Resources */,
				4E8A58CA270584A900C8A646 /* FifthOnboarding.json in Resources */,
				4E056DFA26C392F500FDF0F3 /* Home.storyboard in Resources */,
				4E8A58CD270584A900C8A646 /* ThirdOnboarding.json in Resources */,
				4E1C2E512715EBB600B97EB0 /* ArticleDetail.storyboard in Resources */,
				4E64D12B26EF5BA100DB3FDB /* CountryAddCollectionViewCell.xib in Resources */,
				4E9DCB2626C17803001D218A /* Poppins-BlackItalic.ttf in Resources */,
				4E9DCB2426C177FD001D218A /* NotoSansKR-Thin.otf in Resources */,
				4E9DCB2A26C1780A001D218A /* Poppins-ExtraBoldItalic.ttf in Resources */,
				4E8A58CB270584A900C8A646 /* FourthOnboarding.json in Resources */,
				4E9DCB2E26C17812001D218A /* Poppins-Light.ttf in Resources */,
				4E9DCB2226C177F5001D218A /* NotoSansKR-Medium.otf in Resources */,
				4E9DCB2726C17804001D218A /* Poppins-Bold.ttf in Resources */,
				4E9DCB2C26C1780E001D218A /* Poppins-ExtraLightItalic.ttf in Resources */,
				4EA4CF92270DBDA3001632D4 /* Assets.scnassets in Resources */,
				4E9DCB3226C1781B001D218A /* Poppins-Regular.ttf in Resources */,
				4ECB1691270AED36000029CB /* Loading.json in Resources */,
				4E8A58B52705404600C8A646 /* Splash.storyboard in Resources */,
				4E9DCB2F26C17814001D218A /* Poppins-Medium.ttf in Resources */,
				4E533F3026DFD9A700527FC2 /* Community.storyboard in Resources */,
				4EDA40292700B57E00B5E80B /* WrittingAddImageTableViewCell.xib in Resources */,
				4E9DCB2826C17806001D218A /* Poppins-BoldItalic.ttf in Resources */,
				4E9DCB1F26C177EF001D218A /* NotoSansKR-Black.otf in Resources */,
				4E13D038270AE0AA00CAC6F4 /* Splash.json in Resources */,
				4E9DCB2526C17801001D218A /* Poppins-Black.ttf in Resources */,
				4E32E07926DE35FB005682E5 /* GoogleService-Info.plist in Resources */,
				4E056DF826C3901E00FDF0F3 /* SignUp.storyboard in Resources */,
				4ECB1693270AF292000029CB /* SignUpComplete.json in Resources */,
				4E1C2E5C2717210700B97EB0 /* ModifyImageTableViewCell.xib in Resources */,
				4EE9A3B126F3042E00395B2F /* FullArticleTableViewCell.xib in Resources */,
				4E9DCB3326C1781D001D218A /* Poppins-SemiBold.ttf in Resources */,
				4E8A58A82704800100C8A646 /* Onboarding.storyboard in Resources */,
				4E9DCB2026C177F1001D218A /* NotoSansKR-Bold.otf in Resources */,
				4E0FAEB226C0EE99003D80E3 /* Main.storyboard in Resources */,
				4E13D03A270AE15300CAC6F4 /* Login.json in Resources */,
				4E8A58CE270584A900C8A646 /* FirstOnboarding.json in Resources */,
				4E9DCB3526C17821001D218A /* Poppins-ThinItalic.ttf in Resources */,
				4E9DCB3126C17819001D218A /* Poppins-MediumItalic.ttf in Resources */,
				4E1C2E6227172FDF00B97EB0 /* CountryModifyCollectionViewCell.xib in Resources */,
				4E1C2E4D2714025400B97EB0 /* Assets.xcassets in Resources */,
				4E9DCB3026C17816001D218A /* Poppins-LightItalic.ttf in Resources */,
			);
			runOnlyForDeploymentPostprocessing = 0;
		};
/* End PBXResourcesBuildPhase section */

/* Begin PBXShellScriptBuildPhase section */
		664AC069DD48ECBCF581AB08 /* [CP] Check Pods Manifest.lock */ = {
			isa = PBXShellScriptBuildPhase;
			buildActionMask = 2147483647;
			files = (
			);
			inputFileListPaths = (
			);
			inputPaths = (
				"${PODS_PODFILE_DIR_PATH}/Podfile.lock",
				"${PODS_ROOT}/Manifest.lock",
			);
			name = "[CP] Check Pods Manifest.lock";
			outputFileListPaths = (
			);
			outputPaths = (
				"$(DERIVED_FILE_DIR)/Pods-topaz-checkManifestLockResult.txt",
			);
			runOnlyForDeploymentPostprocessing = 0;
			shellPath = /bin/sh;
			shellScript = "diff \"${PODS_PODFILE_DIR_PATH}/Podfile.lock\" \"${PODS_ROOT}/Manifest.lock\" > /dev/null\nif [ $? != 0 ] ; then\n    # print error to STDERR\n    echo \"error: The sandbox is not in sync with the Podfile.lock. Run 'pod install' or update your CocoaPods installation.\" >&2\n    exit 1\nfi\n# This output is used by Xcode 'outputs' to avoid re-running this script phase.\necho \"SUCCESS\" > \"${SCRIPT_OUTPUT_FILE_0}\"\n";
			showEnvVarsInLog = 0;
		};
		D272080A3756150DD9F4DEE4 /* [CP] Embed Pods Frameworks */ = {
			isa = PBXShellScriptBuildPhase;
			buildActionMask = 2147483647;
			files = (
			);
			inputFileListPaths = (
				"${PODS_ROOT}/Target Support Files/Pods-topaz/Pods-topaz-frameworks-${CONFIGURATION}-input-files.xcfilelist",
			);
			name = "[CP] Embed Pods Frameworks";
			outputFileListPaths = (
				"${PODS_ROOT}/Target Support Files/Pods-topaz/Pods-topaz-frameworks-${CONFIGURATION}-output-files.xcfilelist",
			);
			runOnlyForDeploymentPostprocessing = 0;
			shellPath = /bin/sh;
			shellScript = "\"${PODS_ROOT}/Target Support Files/Pods-topaz/Pods-topaz-frameworks.sh\"\n";
			showEnvVarsInLog = 0;
		};
/* End PBXShellScriptBuildPhase section */

/* Begin PBXSourcesBuildPhase section */
		4E0FAEA326C0EE99003D80E3 /* Sources */ = {
			isa = PBXSourcesBuildPhase;
			buildActionMask = 2147483647;
			files = (
				4E8A58BE2705541D00C8A646 /* SecondPageViewController.swift in Sources */,
				4E32E07E26DF6ED8005682E5 /* EditProfileViewModel.swift in Sources */,
				4E01361A26FA24600071F31D /* MySettingViewModel.swift in Sources */,
				4E8A58C02705542E00C8A646 /* ThirdPageViewController.swift in Sources */,
				4E01361826FA1B710071F31D /* WelcomeViewModel.swift in Sources */,
				4E9B9BBB26ED980F00ABCE87 /* HomeViewModel.swift in Sources */,
				4EE9A3B026F3042E00395B2F /* FullArticleTableViewCell.swift in Sources */,
				4E533F3E26E09A8E00527FC2 /* TabBarController.swift in Sources */,
				4E8A58B82705407600C8A646 /* SplashViewController.swift in Sources */,
				4EE9A3AB26F2D1BA00395B2F /* ArticleModel.swift in Sources */,
				4EDA402526FC231400B5E80B /* MyProfileEditViewModel.swift in Sources */,
				4EE9A3BB26F76A6800395B2F /* MyProfileEditViewController.swift in Sources */,
				4E1C2E5B2717210700B97EB0 /* ModifyImageTableViewCell.swift in Sources */,
				4E8A58C22705544300C8A646 /* FourthPageViewController.swift in Sources */,
				4E533F3C26E08A0900527FC2 /* TravelNoteViewController.swift in Sources */,
				4E7FD10C271ED29600867F16 /* ReportModel.swift in Sources */,
				4E056DFE26C39AB500FDF0F3 /* AcceptTermsViewController.swift in Sources */,
				4E7FD100271D83DA00867F16 /* UserModel.swift in Sources */,
				4E1C2E6127172FDF00B97EB0 /* CountryModifyCollectionViewCell.swift in Sources */,
				4E1C2E4F27154B3100B97EB0 /* SplashViewModel.swift in Sources */,
				4E8A58BC270553D600C8A646 /* FirstPageViewController.swift in Sources */,
				4EE9A3AD26F2D97300395B2F /* WrittingViewModel.swift in Sources */,
				4E8A58BA270548AD00C8A646 /* PageViewController.swift in Sources */,
				4E056DF126C25E5100FDF0F3 /* FindPasswordViewController.swift in Sources */,
				4E8A58AB270481D400C8A646 /* OnboardingViewController.swift in Sources */,
				4E18A57526E66050001504A9 /* MySettingViewController.swift in Sources */,
				4E8A589F2703215C00C8A646 /* ArticleDetailViewModel.swift in Sources */,
				4E13D0362709A06700CAC6F4 /* LuggageCollectionViewCell.swift in Sources */,
				4E1C2E582716C72200B97EB0 /* CountryModel.swift in Sources */,
				4E0FAEAF26C0EE99003D80E3 /* WelcomeViewController.swift in Sources */,
				4E9B9BC126EE673200ABCE87 /* CountryAddViewController.swift in Sources */,
				4EE9A3B326F6379500395B2F /* CommunityViewModel.swift in Sources */,
				4E32E05326CD3085005682E5 /* CompleteViewController.swift in Sources */,
				4E1C2E5427167F8000B97EB0 /* ModifyViewController.swift in Sources */,
				4E32E07C26DE6147005682E5 /* EditAccountViewModel.swift in Sources */,
				4EDA40282700B57E00B5E80B /* WrittingAddImageTableViewCell.swift in Sources */,
				4E1C2E5E2717240700B97EB0 /* CountryModifyViewController.swift in Sources */,
				4E9B9BBF26EDE87600ABCE87 /* WrittingViewController.swift in Sources */,
				4E1C2E562716808400B97EB0 /* ModifyViewModel.swift in Sources */,
				4E8A58C42705545700C8A646 /* FifthPageViewController.swift in Sources */,
				4E533F3926E0612000527FC2 /* CommunityViewController.swift in Sources */,
				4E7FD104271EAB3B00867F16 /* ReportViewModel.swift in Sources */,
				4E0FAEAB26C0EE99003D80E3 /* AppDelegate.swift in Sources */,
				4E7FD109271ECEBA00867F16 /* ReportTableViewCell.swift in Sources */,
				4E32E05126CD16FF005682E5 /* TermsViewController.swift in Sources */,
				4E0FAEAD26C0EE99003D80E3 /* SceneDelegate.swift in Sources */,
				4E01361C26FA25D50071F31D /* CompleteViewModel.swift in Sources */,
				4EA4CF81270DB203001632D4 /* EarthNode.swift in Sources */,
				4E056E0226C3B50100FDF0F3 /* GlobalUIFunctions.swift in Sources */,
				4E056DF326C25EEB00FDF0F3 /* EditAccountViewController.swift in Sources */,
				4E9B9BBD26EDE50800ABCE87 /* TravelNoteViewModel.swift in Sources */,
				4E7FD102271EAB2B00867F16 /* ReportViewController.swift in Sources */,
				4E533F3426E060F500527FC2 /* HomeViewController.swift in Sources */,
				4E8A58A527034B1F00C8A646 /* ArticleDetailImageTableViewCell.swift in Sources */,
				4EE9A3B726F758ED00395B2F /* ArticleDetailViewController.swift in Sources */,
				4EE9A3B926F7684C00395B2F /* MyArticleViewController.swift in Sources */,
				4E056E0026C39AD200FDF0F3 /* EditProfileViewController.swift in Sources */,
				4E64D12A26EF5BA100DB3FDB /* CountryAddCollectionViewCell.swift in Sources */,
			);
			runOnlyForDeploymentPostprocessing = 0;
		};
/* End PBXSourcesBuildPhase section */

/* Begin PBXVariantGroup section */
		4E0FAEB026C0EE99003D80E3 /* Main.storyboard */ = {
			isa = PBXVariantGroup;
			children = (
				4E0FAEB126C0EE99003D80E3 /* Base */,
			);
			name = Main.storyboard;
			sourceTree = "<group>";
		};
		4E0FAEB526C0EE9A003D80E3 /* LaunchScreen.storyboard */ = {
			isa = PBXVariantGroup;
			children = (
				4E0FAEB626C0EE9A003D80E3 /* Base */,
			);
			name = LaunchScreen.storyboard;
			sourceTree = "<group>";
		};
/* End PBXVariantGroup section */

/* Begin XCBuildConfiguration section */
		4E0FAEB926C0EE9A003D80E3 /* Debug */ = {
			isa = XCBuildConfiguration;
			buildSettings = {
				ALWAYS_SEARCH_USER_PATHS = NO;
				CLANG_ANALYZER_NONNULL = YES;
				CLANG_ANALYZER_NUMBER_OBJECT_CONVERSION = YES_AGGRESSIVE;
				CLANG_CXX_LANGUAGE_STANDARD = "gnu++14";
				CLANG_CXX_LIBRARY = "libc++";
				CLANG_ENABLE_MODULES = YES;
				CLANG_ENABLE_OBJC_ARC = YES;
				CLANG_ENABLE_OBJC_WEAK = YES;
				CLANG_WARN_BLOCK_CAPTURE_AUTORELEASING = YES;
				CLANG_WARN_BOOL_CONVERSION = YES;
				CLANG_WARN_COMMA = YES;
				CLANG_WARN_CONSTANT_CONVERSION = YES;
				CLANG_WARN_DEPRECATED_OBJC_IMPLEMENTATIONS = YES;
				CLANG_WARN_DIRECT_OBJC_ISA_USAGE = YES_ERROR;
				CLANG_WARN_DOCUMENTATION_COMMENTS = YES;
				CLANG_WARN_EMPTY_BODY = YES;
				CLANG_WARN_ENUM_CONVERSION = YES;
				CLANG_WARN_INFINITE_RECURSION = YES;
				CLANG_WARN_INT_CONVERSION = YES;
				CLANG_WARN_NON_LITERAL_NULL_CONVERSION = YES;
				CLANG_WARN_OBJC_IMPLICIT_RETAIN_SELF = YES;
				CLANG_WARN_OBJC_LITERAL_CONVERSION = YES;
				CLANG_WARN_OBJC_ROOT_CLASS = YES_ERROR;
				CLANG_WARN_QUOTED_INCLUDE_IN_FRAMEWORK_HEADER = YES;
				CLANG_WARN_RANGE_LOOP_ANALYSIS = YES;
				CLANG_WARN_STRICT_PROTOTYPES = YES;
				CLANG_WARN_SUSPICIOUS_MOVE = YES;
				CLANG_WARN_UNGUARDED_AVAILABILITY = YES_AGGRESSIVE;
				CLANG_WARN_UNREACHABLE_CODE = YES;
				CLANG_WARN__DUPLICATE_METHOD_MATCH = YES;
				COPY_PHASE_STRIP = NO;
				DEBUG_INFORMATION_FORMAT = dwarf;
				ENABLE_STRICT_OBJC_MSGSEND = YES;
				ENABLE_TESTABILITY = YES;
				GCC_C_LANGUAGE_STANDARD = gnu11;
				GCC_DYNAMIC_NO_PIC = NO;
				GCC_NO_COMMON_BLOCKS = YES;
				GCC_OPTIMIZATION_LEVEL = 0;
				GCC_PREPROCESSOR_DEFINITIONS = (
					"DEBUG=1",
					"$(inherited)",
				);
				GCC_WARN_64_TO_32_BIT_CONVERSION = YES;
				GCC_WARN_ABOUT_RETURN_TYPE = YES_ERROR;
				GCC_WARN_UNDECLARED_SELECTOR = YES;
				GCC_WARN_UNINITIALIZED_AUTOS = YES_AGGRESSIVE;
				GCC_WARN_UNUSED_FUNCTION = YES;
				GCC_WARN_UNUSED_VARIABLE = YES;
				IPHONEOS_DEPLOYMENT_TARGET = 14.5;
				MTL_ENABLE_DEBUG_INFO = INCLUDE_SOURCE;
				MTL_FAST_MATH = YES;
				ONLY_ACTIVE_ARCH = YES;
				SDKROOT = iphoneos;
				SWIFT_ACTIVE_COMPILATION_CONDITIONS = DEBUG;
				SWIFT_OPTIMIZATION_LEVEL = "-Onone";
			};
			name = Debug;
		};
		4E0FAEBA26C0EE9A003D80E3 /* Release */ = {
			isa = XCBuildConfiguration;
			buildSettings = {
				ALWAYS_SEARCH_USER_PATHS = NO;
				CLANG_ANALYZER_NONNULL = YES;
				CLANG_ANALYZER_NUMBER_OBJECT_CONVERSION = YES_AGGRESSIVE;
				CLANG_CXX_LANGUAGE_STANDARD = "gnu++14";
				CLANG_CXX_LIBRARY = "libc++";
				CLANG_ENABLE_MODULES = YES;
				CLANG_ENABLE_OBJC_ARC = YES;
				CLANG_ENABLE_OBJC_WEAK = YES;
				CLANG_WARN_BLOCK_CAPTURE_AUTORELEASING = YES;
				CLANG_WARN_BOOL_CONVERSION = YES;
				CLANG_WARN_COMMA = YES;
				CLANG_WARN_CONSTANT_CONVERSION = YES;
				CLANG_WARN_DEPRECATED_OBJC_IMPLEMENTATIONS = YES;
				CLANG_WARN_DIRECT_OBJC_ISA_USAGE = YES_ERROR;
				CLANG_WARN_DOCUMENTATION_COMMENTS = YES;
				CLANG_WARN_EMPTY_BODY = YES;
				CLANG_WARN_ENUM_CONVERSION = YES;
				CLANG_WARN_INFINITE_RECURSION = YES;
				CLANG_WARN_INT_CONVERSION = YES;
				CLANG_WARN_NON_LITERAL_NULL_CONVERSION = YES;
				CLANG_WARN_OBJC_IMPLICIT_RETAIN_SELF = YES;
				CLANG_WARN_OBJC_LITERAL_CONVERSION = YES;
				CLANG_WARN_OBJC_ROOT_CLASS = YES_ERROR;
				CLANG_WARN_QUOTED_INCLUDE_IN_FRAMEWORK_HEADER = YES;
				CLANG_WARN_RANGE_LOOP_ANALYSIS = YES;
				CLANG_WARN_STRICT_PROTOTYPES = YES;
				CLANG_WARN_SUSPICIOUS_MOVE = YES;
				CLANG_WARN_UNGUARDED_AVAILABILITY = YES_AGGRESSIVE;
				CLANG_WARN_UNREACHABLE_CODE = YES;
				CLANG_WARN__DUPLICATE_METHOD_MATCH = YES;
				COPY_PHASE_STRIP = NO;
				DEBUG_INFORMATION_FORMAT = "dwarf-with-dsym";
				ENABLE_NS_ASSERTIONS = NO;
				ENABLE_STRICT_OBJC_MSGSEND = YES;
				GCC_C_LANGUAGE_STANDARD = gnu11;
				GCC_NO_COMMON_BLOCKS = YES;
				GCC_WARN_64_TO_32_BIT_CONVERSION = YES;
				GCC_WARN_ABOUT_RETURN_TYPE = YES_ERROR;
				GCC_WARN_UNDECLARED_SELECTOR = YES;
				GCC_WARN_UNINITIALIZED_AUTOS = YES_AGGRESSIVE;
				GCC_WARN_UNUSED_FUNCTION = YES;
				GCC_WARN_UNUSED_VARIABLE = YES;
				IPHONEOS_DEPLOYMENT_TARGET = 14.5;
				MTL_ENABLE_DEBUG_INFO = NO;
				MTL_FAST_MATH = YES;
				SDKROOT = iphoneos;
				SWIFT_COMPILATION_MODE = wholemodule;
				SWIFT_OPTIMIZATION_LEVEL = "-O";
				VALIDATE_PRODUCT = YES;
			};
			name = Release;
		};
		4E0FAEBC26C0EE9A003D80E3 /* Debug */ = {
			isa = XCBuildConfiguration;
			baseConfigurationReference = 7E3975921A6298E978E2E2DB /* Pods-topaz.debug.xcconfig */;
			buildSettings = {
				ASSETCATALOG_COMPILER_APPICON_NAME = AppIcon;
				ASSETCATALOG_COMPILER_GLOBAL_ACCENT_COLOR_NAME = AccentColor;
				ASSETCATALOG_COMPILER_INCLUDE_ALL_APPICON_ASSETS = NO;
				CODE_SIGN_STYLE = Automatic;
				DEVELOPMENT_TEAM = B44YL23J9X;
				ENABLE_BITCODE = YES;
				INFOPLIST_FILE = topaz/Info.plist;
				LD_RUNPATH_SEARCH_PATHS = (
					"$(inherited)",
					"@executable_path/Frameworks",
				);
				PRODUCT_BUNDLE_IDENTIFIER = com.seosieve.topaz;
				PRODUCT_NAME = "$(TARGET_NAME)";
				SWIFT_VERSION = 5.0;
				TARGETED_DEVICE_FAMILY = "1,2";
			};
			name = Debug;
		};
		4E0FAEBD26C0EE9A003D80E3 /* Release */ = {
			isa = XCBuildConfiguration;
			baseConfigurationReference = D0BB8C8097326A0C7F69BE6B /* Pods-topaz.release.xcconfig */;
			buildSettings = {
				ASSETCATALOG_COMPILER_APPICON_NAME = AppIcon;
				ASSETCATALOG_COMPILER_GLOBAL_ACCENT_COLOR_NAME = AccentColor;
				ASSETCATALOG_COMPILER_INCLUDE_ALL_APPICON_ASSETS = NO;
				CODE_SIGN_STYLE = Automatic;
				DEVELOPMENT_TEAM = B44YL23J9X;
				ENABLE_BITCODE = YES;
				INFOPLIST_FILE = topaz/Info.plist;
				LD_RUNPATH_SEARCH_PATHS = (
					"$(inherited)",
					"@executable_path/Frameworks",
				);
				PRODUCT_BUNDLE_IDENTIFIER = com.seosieve.topaz;
				PRODUCT_NAME = "$(TARGET_NAME)";
				SWIFT_VERSION = 5.0;
				TARGETED_DEVICE_FAMILY = "1,2";
			};
			name = Release;
		};
/* End XCBuildConfiguration section */

/* Begin XCConfigurationList section */
		4E0FAEA226C0EE99003D80E3 /* Build configuration list for PBXProject "topaz" */ = {
			isa = XCConfigurationList;
			buildConfigurations = (
				4E0FAEB926C0EE9A003D80E3 /* Debug */,
				4E0FAEBA26C0EE9A003D80E3 /* Release */,
			);
			defaultConfigurationIsVisible = 0;
			defaultConfigurationName = Release;
		};
		4E0FAEBB26C0EE9A003D80E3 /* Build configuration list for PBXNativeTarget "topaz" */ = {
			isa = XCConfigurationList;
			buildConfigurations = (
				4E0FAEBC26C0EE9A003D80E3 /* Debug */,
				4E0FAEBD26C0EE9A003D80E3 /* Release */,
			);
			defaultConfigurationIsVisible = 0;
			defaultConfigurationName = Release;
		};
/* End XCConfigurationList section */
	};
	rootObject = 4E0FAE9F26C0EE99003D80E3 /* Project object */;
}
